
Microsoft Visual Studio Solution File, Format Version 12.00
# Visual Studio 2015
Project("{FAE04EC0-301F-11D3-BF4B-00C04F79EFBC}") = "ViveGame", "ViveGame.csproj", "{4FD7EE6F-F164-25F8-C5E3-B21CC4BAC50C}"
EndProject
Project("{FAE04EC0-301F-11D3-BF4B-00C04F79EFBC}") = "ViveGame.Editor", "ViveGame.Editor.csproj", "{95D0D961-D92C-79C7-AA55-1EACE983428B}"
EndProject
Global
	GlobalSection(SolutionConfigurationPlatforms) = preSolution
		Debug|Any CPU = Debug|Any CPU
		Release|Any CPU = Release|Any CPU
	EndGlobalSection
	GlobalSection(ProjectConfigurationPlatforms) = postSolution
		{4FD7EE6F-F164-25F8-C5E3-B21CC4BAC50C}.Debug|Any CPU.ActiveCfg = Debug|Any CPU
		{4FD7EE6F-F164-25F8-C5E3-B21CC4BAC50C}.Debug|Any CPU.Build.0 = Debug|Any CPU
		{4FD7EE6F-F164-25F8-C5E3-B21CC4BAC50C}.Release|Any CPU.ActiveCfg = Release|Any CPU
		{4FD7EE6F-F164-25F8-C5E3-B21CC4BAC50C}.Release|Any CPU.Build.0 = Release|Any CPU
		{95D0D961-D92C-79C7-AA55-1EACE983428B}.Debug|Any CPU.ActiveCfg = Debug|Any CPU
		{95D0D961-D92C-79C7-AA55-1EACE983428B}.Debug|Any CPU.Build.0 = Debug|Any CPU
		{95D0D961-D92C-79C7-AA55-1EACE983428B}.Release|Any CPU.ActiveCfg = Release|Any CPU
		{95D0D961-D92C-79C7-AA55-1EACE983428B}.Release|Any CPU.Build.0 = Release|Any CPU
	EndGlobalSection
	GlobalSection(SolutionProperties) = preSolution
		HideSolutionNode = FALSE
	EndGlobalSection
EndGlobal
